// !$*UTF8*$!
{
	archiveVersion = 1;
	classes = {
	};
	objectVersion = 56;
	objects = {

/* Begin PBXBuildFile section */
		B11DFBA62C7728E4003B9BDC /* AppDelegate.swift in Sources */ = {isa = PBXBuildFile; fileRef = B11DFBA52C7728E4003B9BDC /* AppDelegate.swift */; };
		B11DFBA82C7728E4003B9BDC /* SceneDelegate.swift in Sources */ = {isa = PBXBuildFile; fileRef = B11DFBA72C7728E4003B9BDC /* SceneDelegate.swift */; };
		B11DFBAA2C7728E4003B9BDC /* ViewController.swift in Sources */ = {isa = PBXBuildFile; fileRef = B11DFBA92C7728E4003B9BDC /* ViewController.swift */; };
		B11DFBAD2C7728E4003B9BDC /* Base in Resources */ = {isa = PBXBuildFile; fileRef = B11DFBAC2C7728E4003B9BDC /* Base */; };
		B11DFBAF2C7728E6003B9BDC /* Assets.xcassets in Resources */ = {isa = PBXBuildFile; fileRef = B11DFBAE2C7728E6003B9BDC /* Assets.xcassets */; };
		B11DFBB22C7728E6003B9BDC /* Base in Resources */ = {isa = PBXBuildFile; fileRef = B11DFBB12C7728E6003B9BDC /* Base */; };
		B11DFBBD2C7728E6003B9BDC /* FindYourLoveScoreTests.swift in Sources */ = {isa = PBXBuildFile; fileRef = B11DFBBC2C7728E6003B9BDC /* FindYourLoveScoreTests.swift */; };
		B11DFBC72C7728E6003B9BDC /* FindYourLoveScoreUITests.swift in Sources */ = {isa = PBXBuildFile; fileRef = B11DFBC62C7728E6003B9BDC /* FindYourLoveScoreUITests.swift */; };
		B11DFBC92C7728E6003B9BDC /* FindYourLoveScoreUITestsLaunchTests.swift in Sources */ = {isa = PBXBuildFile; fileRef = B11DFBC82C7728E6003B9BDC /* FindYourLoveScoreUITestsLaunchTests.swift */; };
/* End PBXBuildFile section */

/* Begin PBXContainerItemProxy section */
		B11DFBB92C7728E6003B9BDC /* PBXContainerItemProxy */ = {
			isa = PBXContainerItemProxy;
			containerPortal = B11DFB9A2C7728E4003B9BDC /* Project object */;
			proxyType = 1;
			remoteGlobalIDString = B11DFBA12C7728E4003B9BDC;
			remoteInfo = FindYourLoveScore;
		};
		B11DFBC32C7728E6003B9BDC /* PBXContainerItemProxy */ = {
			isa = PBXContainerItemProxy;
			containerPortal = B11DFB9A2C7728E4003B9BDC /* Project object */;
			proxyType = 1;
			remoteGlobalIDString = B11DFBA12C7728E4003B9BDC;
			remoteInfo = FindYourLoveScore;
		};
/* End PBXContainerItemProxy section */

/* Begin PBXFileReference section */
		B11DFBA22C7728E4003B9BDC /* FindYourLoveScore.app */ = {isa = PBXFileReference; explicitFileType = wrapper.application; includeInIndex = 0; path = FindYourLoveScore.app; sourceTree = BUILT_PRODUCTS_DIR; };
		B11DFBA52C7728E4003B9BDC /* AppDelegate.swift */ = {isa = PBXFileReference; lastKnownFileType = sourcecode.swift; path = AppDelegate.swift; sourceTree = "<group>"; };
		B11DFBA72C7728E4003B9BDC /* SceneDelegate.swift */ = {isa = PBXFileReference; lastKnownFileType = sourcecode.swift; path = SceneDelegate.swift; sourceTree = "<group>"; };
		B11DFBA92C7728E4003B9BDC /* ViewController.swift */ = {isa = PBXFileReference; lastKnownFileType = sourcecode.swift; path = ViewController.swift; sourceTree = "<group>"; };
		B11DFBAC2C7728E4003B9BDC /* Base */ = {isa = PBXFileReference; lastKnownFileType = file.storyboard; name = Base; path = Base.lproj/Main.storyboard; sourceTree = "<group>"; };
		B11DFBAE2C7728E6003B9BDC /* Assets.xcassets */ = {isa = PBXFileReference; lastKnownFileType = folder.assetcatalog; path = Assets.xcassets; sourceTree = "<group>"; };
		B11DFBB12C7728E6003B9BDC /* Base */ = {isa = PBXFileReference; lastKnownFileType = file.storyboard; name = Base; path = Base.lproj/LaunchScreen.storyboard; sourceTree = "<group>"; };
		B11DFBB32C7728E6003B9BDC /* Info.plist */ = {isa = PBXFileReference; lastKnownFileType = text.plist.xml; path = Info.plist; sourceTree = "<group>"; };
		B11DFBB82C7728E6003B9BDC /* FindYourLoveScoreTests.xctest */ = {isa = PBXFileReference; explicitFileType = wrapper.cfbundle; includeInIndex = 0; path = FindYourLoveScoreTests.xctest; sourceTree = BUILT_PRODUCTS_DIR; };
		B11DFBBC2C7728E6003B9BDC /* FindYourLoveScoreTests.swift */ = {isa = PBXFileReference; lastKnownFileType = sourcecode.swift; path = FindYourLoveScoreTests.swift; sourceTree = "<group>"; };
		B11DFBC22C7728E6003B9BDC /* FindYourLoveScoreUITests.xctest */ = {isa = PBXFileReference; explicitFileType = wrapper.cfbundle; includeInIndex = 0; path = FindYourLoveScoreUITests.xctest; sourceTree = BUILT_PRODUCTS_DIR; };
		B11DFBC62C7728E6003B9BDC /* FindYourLoveScoreUITests.swift */ = {isa = PBXFileReference; lastKnownFileType = sourcecode.swift; path = FindYourLoveScoreUITests.swift; sourceTree = "<group>"; };
		B11DFBC82C7728E6003B9BDC /* FindYourLoveScoreUITestsLaunchTests.swift */ = {isa = PBXFileReference; lastKnownFileType = sourcecode.swift; path = FindYourLoveScoreUITestsLaunchTests.swift; sourceTree = "<group>"; };
/* End PBXFileReference section */

/* Begin PBXFrameworksBuildPhase section */
		B11DFB9F2C7728E4003B9BDC /* Frameworks */ = {
			isa = PBXFrameworksBuildPhase;
			buildActionMask = 2147483647;
			files = (
			);
			runOnlyForDeploymentPostprocessing = 0;
		};
		B11DFBB52C7728E6003B9BDC /* Frameworks */ = {
			isa = PBXFrameworksBuildPhase;
			buildActionMask = 2147483647;
			files = (
			);
			runOnlyForDeploymentPostprocessing = 0;
		};
		B11DFBBF2C7728E6003B9BDC /* Frameworks */ = {
			isa = PBXFrameworksBuildPhase;
			buildActionMask = 2147483647;
			files = (
			);
			runOnlyForDeploymentPostprocessing = 0;
		};
/* End PBXFrameworksBuildPhase section */

/* Begin PBXGroup section */
		B11DFB992C7728E4003B9BDC = {
			isa = PBXGroup;
			children = (
				B11DFBA42C7728E4003B9BDC /* FindYourLoveScore */,
				B11DFBBB2C7728E6003B9BDC /* FindYourLoveScoreTests */,
				B11DFBC52C7728E6003B9BDC /* FindYourLoveScoreUITests */,
				B11DFBA32C7728E4003B9BDC /* Products */,
			);
			sourceTree = "<group>";
		};
		B11DFBA32C7728E4003B9BDC /* Products */ = {
			isa = PBXGroup;
			children = (
				B11DFBA22C7728E4003B9BDC /* FindYourLoveScore.app */,
				B11DFBB82C7728E6003B9BDC /* FindYourLoveScoreTests.xctest */,
				B11DFBC22C7728E6003B9BDC /* FindYourLoveScoreUITests.xctest */,
			);
			name = Products;
			sourceTree = "<group>";
		};
		B11DFBA42C7728E4003B9BDC /* FindYourLoveScore */ = {
			isa = PBXGroup;
			children = (
				B11DFBA52C7728E4003B9BDC /* AppDelegate.swift */,
				B11DFBA72C7728E4003B9BDC /* SceneDelegate.swift */,
				B11DFBA92C7728E4003B9BDC /* ViewController.swift */,
				B11DFBAB2C7728E4003B9BDC /* Main.storyboard */,
				B11DFBAE2C7728E6003B9BDC /* Assets.xcassets */,
				B11DFBB02C7728E6003B9BDC /* LaunchScreen.storyboard */,
				B11DFBB32C7728E6003B9BDC /* Info.plist */,
			);
			path = FindYourLoveScore;
			sourceTree = "<group>";
		};
		B11DFBBB2C7728E6003B9BDC /* FindYourLoveScoreTests */ = {
			isa = PBXGroup;
			children = (
				B11DFBBC2C7728E6003B9BDC /* FindYourLoveScoreTests.swift */,
			);
			path = FindYourLoveScoreTests;
			sourceTree = "<group>";
		};
		B11DFBC52C7728E6003B9BDC /* FindYourLoveScoreUITests */ = {
			isa = PBXGroup;
			children = (
				B11DFBC62C7728E6003B9BDC /* FindYourLoveScoreUITests.swift */,
				B11DFBC82C7728E6003B9BDC /* FindYourLoveScoreUITestsLaunchTests.swift */,
			);
			path = FindYourLoveScoreUITests;
			sourceTree = "<group>";
		};
/* End PBXGroup section */

/* Begin PBXNativeTarget section */
		B11DFBA12C7728E4003B9BDC /* FindYourLoveScore */ = {
			isa = PBXNativeTarget;
			buildConfigurationList = B11DFBCC2C7728E6003B9BDC /* Build configuration list for PBXNativeTarget "FindYourLoveScore" */;
			buildPhases = (
				B11DFB9E2C7728E4003B9BDC /* Sources */,
				B11DFB9F2C7728E4003B9BDC /* Frameworks */,
				B11DFBA02C7728E4003B9BDC /* Resources */,
			);
			buildRules = (
			);
			dependencies = (
			);
			name = FindYourLoveScore;
			productName = FindYourLoveScore;
			productReference = B11DFBA22C7728E4003B9BDC /* FindYourLoveScore.app */;
			productType = "com.apple.product-type.application";
		};
		B11DFBB72C7728E6003B9BDC /* FindYourLoveScoreTests */ = {
			isa = PBXNativeTarget;
			buildConfigurationList = B11DFBCF2C7728E6003B9BDC /* Build configuration list for PBXNativeTarget "FindYourLoveScoreTests" */;
			buildPhases = (
				B11DFBB42C7728E6003B9BDC /* Sources */,
				B11DFBB52C7728E6003B9BDC /* Frameworks */,
				B11DFBB62C7728E6003B9BDC /* Resources */,
			);
			buildRules = (
			);
			dependencies = (
				B11DFBBA2C7728E6003B9BDC /* PBXTargetDependency */,
			);
			name = FindYourLoveScoreTests;
			productName = FindYourLoveScoreTests;
			productReference = B11DFBB82C7728E6003B9BDC /* FindYourLoveScoreTests.xctest */;
			productType = "com.apple.product-type.bundle.unit-test";
		};
		B11DFBC12C7728E6003B9BDC /* FindYourLoveScoreUITests */ = {
			isa = PBXNativeTarget;
			buildConfigurationList = B11DFBD22C7728E6003B9BDC /* Build configuration list for PBXNativeTarget "FindYourLoveScoreUITests" */;
			buildPhases = (
				B11DFBBE2C7728E6003B9BDC /* Sources */,
				B11DFBBF2C7728E6003B9BDC /* Frameworks */,
				B11DFBC02C7728E6003B9BDC /* Resources */,
			);
			buildRules = (
			);
			dependencies = (
				B11DFBC42C7728E6003B9BDC /* PBXTargetDependency */,
			);
			name = FindYourLoveScoreUITests;
			productName = FindYourLoveScoreUITests;
			productReference = B11DFBC22C7728E6003B9BDC /* FindYourLoveScoreUITests.xctest */;
			productType = "com.apple.product-type.bundle.ui-testing";
		};
/* End PBXNativeTarget section */

/* Begin PBXProject section */
		B11DFB9A2C7728E4003B9BDC /* Project object */ = {
			isa = PBXProject;
			attributes = {
				BuildIndependentTargetsInParallel = 1;
				LastSwiftUpdateCheck = 1540;
				LastUpgradeCheck = 1540;
				TargetAttributes = {
					B11DFBA12C7728E4003B9BDC = {
						CreatedOnToolsVersion = 15.4;
					};
					B11DFBB72C7728E6003B9BDC = {
						CreatedOnToolsVersion = 15.4;
						TestTargetID = B11DFBA12C7728E4003B9BDC;
					};
					B11DFBC12C7728E6003B9BDC = {
						CreatedOnToolsVersion = 15.4;
						TestTargetID = B11DFBA12C7728E4003B9BDC;
					};
				};
			};
			buildConfigurationList = B11DFB9D2C7728E4003B9BDC /* Build configuration list for PBXProject "FindYourLoveScore" */;
			compatibilityVersion = "Xcode 14.0";
			developmentRegion = en;
			hasScannedForEncodings = 0;
			knownRegions = (
				en,
				Base,
			);
			mainGroup = B11DFB992C7728E4003B9BDC;
			productRefGroup = B11DFBA32C7728E4003B9BDC /* Products */;
			projectDirPath = "";
			projectRoot = "";
			targets = (
				B11DFBA12C7728E4003B9BDC /* FindYourLoveScore */,
				B11DFBB72C7728E6003B9BDC /* FindYourLoveScoreTests */,
				B11DFBC12C7728E6003B9BDC /* FindYourLoveScoreUITests */,
			);
		};
/* End PBXProject section */

/* Begin PBXResourcesBuildPhase section */
		B11DFBA02C7728E4003B9BDC /* Resources */ = {
			isa = PBXResourcesBuildPhase;
			buildActionMask = 2147483647;
			files = (
				B11DFBAF2C7728E6003B9BDC /* Assets.xcassets in Resources */,
				B11DFBB22C7728E6003B9BDC /* Base in Resources */,
				B11DFBAD2C7728E4003B9BDC /* Base in Resources */,
			);
			runOnlyForDeploymentPostprocessing = 0;
		};
		B11DFBB62C7728E6003B9BDC /* Resources */ = {
			isa = PBXResourcesBuildPhase;
			buildActionMask = 2147483647;
			files = (
			);
			runOnlyForDeploymentPostprocessing = 0;
		};
		B11DFBC02C7728E6003B9BDC /* Resources */ = {
			isa = PBXResourcesBuildPhase;
			buildActionMask = 2147483647;
			files = (
			);
			runOnlyForDeploymentPostprocessing = 0;
		};
/* End PBXResourcesBuildPhase section */

/* Begin PBXSourcesBuildPhase section */
		B11DFB9E2C7728E4003B9BDC /* Sources */ = {
			isa = PBXSourcesBuildPhase;
			buildActionMask = 2147483647;
			files = (
				B11DFBAA2C7728E4003B9BDC /* ViewController.swift in Sources */,
				B11DFBA62C7728E4003B9BDC /* AppDelegate.swift in Sources */,
				B11DFBA82C7728E4003B9BDC /* SceneDelegate.swift in Sources */,
			);
			runOnlyForDeploymentPostprocessing = 0;
		};
		B11DFBB42C7728E6003B9BDC /* Sources */ = {
			isa = PBXSourcesBuildPhase;
			buildActionMask = 2147483647;
			files = (
				B11DFBBD2C7728E6003B9BDC /* FindYourLoveScoreTests.swift in Sources */,
			);
			runOnlyForDeploymentPostprocessing = 0;
		};
		B11DFBBE2C7728E6003B9BDC /* Sources */ = {
			isa = PBXSourcesBuildPhase;
			buildActionMask = 2147483647;
			files = (
				B11DFBC72C7728E6003B9BDC /* FindYourLoveScoreUITests.swift in Sources */,
				B11DFBC92C7728E6003B9BDC /* FindYourLoveScoreUITestsLaunchTests.swift in Sources */,
			);
			runOnlyForDeploymentPostprocessing = 0;
		};
/* End PBXSourcesBuildPhase section */

/* Begin PBXTargetDependency section */
		B11DFBBA2C7728E6003B9BDC /* PBXTargetDependency */ = {
			isa = PBXTargetDependency;
			target = B11DFBA12C7728E4003B9BDC /* FindYourLoveScore */;
			targetProxy = B11DFBB92C7728E6003B9BDC /* PBXContainerItemProxy */;
		};
		B11DFBC42C7728E6003B9BDC /* PBXTargetDependency */ = {
			isa = PBXTargetDependency;
			target = B11DFBA12C7728E4003B9BDC /* FindYourLoveScore */;
			targetProxy = B11DFBC32C7728E6003B9BDC /* PBXContainerItemProxy */;
		};
/* End PBXTargetDependency section */

/* Begin PBXVariantGroup section */
		B11DFBAB2C7728E4003B9BDC /* Main.storyboard */ = {
			isa = PBXVariantGroup;
			children = (
				B11DFBAC2C7728E4003B9BDC /* Base */,
			);
			name = Main.storyboard;
			sourceTree = "<group>";
		};
		B11DFBB02C7728E6003B9BDC /* LaunchScreen.storyboard */ = {
			isa = PBXVariantGroup;
			children = (
				B11DFBB12C7728E6003B9BDC /* Base */,
			);
			name = LaunchScreen.storyboard;
			sourceTree = "<group>";
		};
/* End PBXVariantGroup section */

/* Begin XCBuildConfiguration section */
		B11DFBCA2C7728E6003B9BDC /* Debug */ = {
			isa = XCBuildConfiguration;
			buildSettings = {
				ALWAYS_SEARCH_USER_PATHS = NO;
				ASSETCATALOG_COMPILER_GENERATE_SWIFT_ASSET_SYMBOL_EXTENSIONS = YES;
				CLANG_ANALYZER_NONNULL = YES;
				CLANG_ANALYZER_NUMBER_OBJECT_CONVERSION = YES_AGGRESSIVE;
				CLANG_CXX_LANGUAGE_STANDARD = "gnu++20";
				CLANG_ENABLE_MODULES = YES;
				CLANG_ENABLE_OBJC_ARC = YES;
				CLANG_ENABLE_OBJC_WEAK = YES;
				CLANG_WARN_BLOCK_CAPTURE_AUTORELEASING = YES;
				CLANG_WARN_BOOL_CONVERSION = YES;
				CLANG_WARN_COMMA = YES;
				CLANG_WARN_CONSTANT_CONVERSION = YES;
				CLANG_WARN_DEPRECATED_OBJC_IMPLEMENTATIONS = YES;
				CLANG_WARN_DIRECT_OBJC_ISA_USAGE = YES_ERROR;
				CLANG_WARN_DOCUMENTATION_COMMENTS = YES;
				CLANG_WARN_EMPTY_BODY = YES;
				CLANG_WARN_ENUM_CONVERSION = YES;
				CLANG_WARN_INFINITE_RECURSION = YES;
				CLANG_WARN_INT_CONVERSION = YES;
				CLANG_WARN_NON_LITERAL_NULL_CONVERSION = YES;
				CLANG_WARN_OBJC_IMPLICIT_RETAIN_SELF = YES;
				CLANG_WARN_OBJC_LITERAL_CONVERSION = YES;
				CLANG_WARN_OBJC_ROOT_CLASS = YES_ERROR;
				CLANG_WARN_QUOTED_INCLUDE_IN_FRAMEWORK_HEADER = YES;
				CLANG_WARN_RANGE_LOOP_ANALYSIS = YES;
				CLANG_WARN_STRICT_PROTOTYPES = YES;
				CLANG_WARN_SUSPICIOUS_MOVE = YES;
				CLANG_WARN_UNGUARDED_AVAILABILITY = YES_AGGRESSIVE;
				CLANG_WARN_UNREACHABLE_CODE = YES;
				CLANG_WARN__DUPLICATE_METHOD_MATCH = YES;
				COPY_PHASE_STRIP = NO;
				DEBUG_INFORMATION_FORMAT = dwarf;
				ENABLE_STRICT_OBJC_MSGSEND = YES;
				ENABLE_TESTABILITY = YES;
				ENABLE_USER_SCRIPT_SANDBOXING = YES;
				GCC_C_LANGUAGE_STANDARD = gnu17;
				GCC_DYNAMIC_NO_PIC = NO;
				GCC_NO_COMMON_BLOCKS = YES;
				GCC_OPTIMIZATION_LEVEL = 0;
				GCC_PREPROCESSOR_DEFINITIONS = (
					"DEBUG=1",
					"$(inherited)",
				);
				GCC_WARN_64_TO_32_BIT_CONVERSION = YES;
				GCC_WARN_ABOUT_RETURN_TYPE = YES_ERROR;
				GCC_WARN_UNDECLARED_SELECTOR = YES;
				GCC_WARN_UNINITIALIZED_AUTOS = YES_AGGRESSIVE;
				GCC_WARN_UNUSED_FUNCTION = YES;
				GCC_WARN_UNUSED_VARIABLE = YES;
				IPHONEOS_DEPLOYMENT_TARGET = 17.5;
				LOCALIZATION_PREFERS_STRING_CATALOGS = YES;
				MTL_ENABLE_DEBUG_INFO = INCLUDE_SOURCE;
				MTL_FAST_MATH = YES;
				ONLY_ACTIVE_ARCH = YES;
				SDKROOT = iphoneos;
				SWIFT_ACTIVE_COMPILATION_CONDITIONS = "DEBUG $(inherited)";
				SWIFT_OPTIMIZATION_LEVEL = "-Onone";
			};
			name = Debug;
		};
		B11DFBCB2C7728E6003B9BDC /* Release */ = {
			isa = XCBuildConfiguration;
			buildSettings = {
				ALWAYS_SEARCH_USER_PATHS = NO;
				ASSETCATALOG_COMPILER_GENERATE_SWIFT_ASSET_SYMBOL_EXTENSIONS = YES;
				CLANG_ANALYZER_NONNULL = YES;
				CLANG_ANALYZER_NUMBER_OBJECT_CONVERSION = YES_AGGRESSIVE;
				CLANG_CXX_LANGUAGE_STANDARD = "gnu++20";
				CLANG_ENABLE_MODULES = YES;
				CLANG_ENABLE_OBJC_ARC = YES;
				CLANG_ENABLE_OBJC_WEAK = YES;
				CLANG_WARN_BLOCK_CAPTURE_AUTORELEASING = YES;
				CLANG_WARN_BOOL_CONVERSION = YES;
				CLANG_WARN_COMMA = YES;
				CLANG_WARN_CONSTANT_CONVERSION = YES;
				CLANG_WARN_DEPRECATED_OBJC_IMPLEMENTATIONS = YES;
				CLANG_WARN_DIRECT_OBJC_ISA_USAGE = YES_ERROR;
				CLANG_WARN_DOCUMENTATION_COMMENTS = YES;
				CLANG_WARN_EMPTY_BODY = YES;
				CLANG_WARN_ENUM_CONVERSION = YES;
				CLANG_WARN_INFINITE_RECURSION = YES;
				CLANG_WARN_INT_CONVERSION = YES;
				CLANG_WARN_NON_LITERAL_NULL_CONVERSION = YES;
				CLANG_WARN_OBJC_IMPLICIT_RETAIN_SELF = YES;
				CLANG_WARN_OBJC_LITERAL_CONVERSION = YES;
				CLANG_WARN_OBJC_ROOT_CLASS = YES_ERROR;
				CLANG_WARN_QUOTED_INCLUDE_IN_FRAMEWORK_HEADER = YES;
				CLANG_WARN_RANGE_LOOP_ANALYSIS = YES;
				CLANG_WARN_STRICT_PROTOTYPES = YES;
				CLANG_WARN_SUSPICIOUS_MOVE = YES;
				CLANG_WARN_UNGUARDED_AVAILABILITY = YES_AGGRESSIVE;
				CLANG_WARN_UNREACHABLE_CODE = YES;
				CLANG_WARN__DUPLICATE_METHOD_MATCH = YES;
				COPY_PHASE_STRIP = NO;
				DEBUG_INFORMATION_FORMAT = "dwarf-with-dsym";
				ENABLE_NS_ASSERTIONS = NO;
				ENABLE_STRICT_OBJC_MSGSEND = YES;
				ENABLE_USER_SCRIPT_SANDBOXING = YES;
				GCC_C_LANGUAGE_STANDARD = gnu17;
				GCC_NO_COMMON_BLOCKS = YES;
				GCC_WARN_64_TO_32_BIT_CONVERSION = YES;
				GCC_WARN_ABOUT_RETURN_TYPE = YES_ERROR;
				GCC_WARN_UNDECLARED_SELECTOR = YES;
				GCC_WARN_UNINITIALIZED_AUTOS = YES_AGGRESSIVE;
				GCC_WARN_UNUSED_FUNCTION = YES;
				GCC_WARN_UNUSED_VARIABLE = YES;
				IPHONEOS_DEPLOYMENT_TARGET = 17.5;
				LOCALIZATION_PREFERS_STRING_CATALOGS = YES;
				MTL_ENABLE_DEBUG_INFO = NO;
				MTL_FAST_MATH = YES;
				SDKROOT = iphoneos;
				SWIFT_COMPILATION_MODE = wholemodule;
				VALIDATE_PRODUCT = YES;
			};
			name = Release;
		};
		B11DFBCD2C7728E6003B9BDC /* Debug */ = {
			isa = XCBuildConfiguration;
			buildSettings = {
				ASSETCATALOG_COMPILER_APPICON_NAME = AppIcon;
				ASSETCATALOG_COMPILER_GLOBAL_ACCENT_COLOR_NAME = AccentColor;
				CODE_SIGN_STYLE = Automatic;
				CURRENT_PROJECT_VERSION = 1;
				DEVELOPMENT_TEAM = XB8V8GBU8W;
				GENERATE_INFOPLIST_FILE = YES;
				INFOPLIST_FILE = FindYourLoveScore/Info.plist;
				INFOPLIST_KEY_UIApplicationSupportsIndirectInputEvents = YES;
				INFOPLIST_KEY_UILaunchStoryboardName = LaunchScreen;
				INFOPLIST_KEY_UIMainStoryboardFile = Main;
				INFOPLIST_KEY_UISupportedInterfaceOrientations_iPad = "UIInterfaceOrientationPortrait UIInterfaceOrientationPortraitUpsideDown UIInterfaceOrientationLandscapeLeft UIInterfaceOrientationLandscapeRight";
				INFOPLIST_KEY_UISupportedInterfaceOrientations_iPhone = "UIInterfaceOrientationPortrait UIInterfaceOrientationLandscapeLeft UIInterfaceOrientationLandscapeRight";
				LD_RUNPATH_SEARCH_PATHS = (
					"$(inherited)",
					"@executable_path/Frameworks",
				);
				MARKETING_VERSION = 1.0;
				PRODUCT_BUNDLE_IDENTIFIER = darsh.FindYourLoveScore;
				PRODUCT_NAME = "$(TARGET_NAME)";
				SWIFT_EMIT_LOC_STRINGS = YES;
				SWIFT_VERSION = 5.0;
				TARGETED_DEVICE_FAMILY = "1,2";
			};
			name = Debug;
		};
		B11DFBCE2C7728E6003B9BDC /* Release */ = {
			isa = XCBuildConfiguration;
			buildSettings = {
				ASSETCATALOG_COMPILER_APPICON_NAME = AppIcon;
				ASSETCATALOG_COMPILER_GLOBAL_ACCENT_COLOR_NAME = AccentColor;
				CODE_SIGN_STYLE = Automatic;
				CURRENT_PROJECT_VERSION = 1;
				DEVELOPMENT_TEAM = XB8V8GBU8W;
				GENERATE_INFOPLIST_FILE = YES;
				INFOPLIST_FILE = FindYourLoveScore/Info.plist;
				INFOPLIST_KEY_UIApplicationSupportsIndirectInputEvents = YES;
				INFOPLIST_KEY_UILaunchStoryboardName = LaunchScreen;
				INFOPLIST_KEY_UIMainStoryboardFile = Main;
				INFOPLIST_KEY_UISupportedInterfaceOrientations_iPad = "UIInterfaceOrientationPortrait UIInterfaceOrientationPortraitUpsideDown UIInterfaceOrientationLandscapeLeft UIInterfaceOrientationLandscapeRight";
				INFOPLIST_KEY_UISupportedInterfaceOrientations_iPhone = "UIInterfaceOrientationPortrait UIInterfaceOrientationLandscapeLeft UIInterfaceOrientationLandscapeRight";
				LD_RUNPATH_SEARCH_PATHS = (
					"$(inherited)",
					"@executable_path/Frameworks",
				);
				MARKETING_VERSION = 1.0;
				PRODUCT_BUNDLE_IDENTIFIER = darsh.FindYourLoveScore;
				PRODUCT_NAME = "$(TARGET_NAME)";
				SWIFT_EMIT_LOC_STRINGS = YES;
				SWIFT_VERSION = 5.0;
				TARGETED_DEVICE_FAMILY = "1,2";
			};
			name = Release;
		};
		B11DFBD02C7728E6003B9BDC /* Debug */ = {
			isa = XCBuildConfiguration;
			buildSettings = {
				ALWAYS_EMBED_SWIFT_STANDARD_LIBRARIES = YES;
				BUNDLE_LOADER = "$(TEST_HOST)";
				CODE_SIGN_STYLE = Automatic;
				CURRENT_PROJECT_VERSION = 1;
				DEVELOPMENT_TEAM = XB8V8GBU8W;
				GENERATE_INFOPLIST_FILE = YES;
				IPHONEOS_DEPLOYMENT_TARGET = 17.5;
				MARKETING_VERSION = 1.0;
				PRODUCT_BUNDLE_IDENTIFIER = darsh.FindYourLoveScoreTests;
				PRODUCT_NAME = "$(TARGET_NAME)";
				SWIFT_EMIT_LOC_STRINGS = NO;
				SWIFT_VERSION = 5.0;
				TARGETED_DEVICE_FAMILY = "1,2";
				TEST_HOST = "$(BUILT_PRODUCTS_DIR)/FindYourLoveScore.app/$(BUNDLE_EXECUTABLE_FOLDER_PATH)/FindYourLoveScore";
			};
			name = Debug;
		};
		B11DFBD12C7728E6003B9BDC /* Release */ = {
			isa = XCBuildConfiguration;
			buildSettings = {
				ALWAYS_EMBED_SWIFT_STANDARD_LIBRARIES = YES;
				BUNDLE_LOADER = "$(TEST_HOST)";
				CODE_SIGN_STYLE = Automatic;
				CURRENT_PROJECT_VERSION = 1;
				DEVELOPMENT_TEAM = XB8V8GBU8W;
				GENERATE_INFOPLIST_FILE = YES;
				IPHONEOS_DEPLOYMENT_TARGET = 17.5;
				MARKETING_VERSION = 1.0;
				PRODUCT_BUNDLE_IDENTIFIER = darsh.FindYourLoveScoreTests;
				PRODUCT_NAME = "$(TARGET_NAME)";
				SWIFT_EMIT_LOC_STRINGS = NO;
				SWIFT_VERSION = 5.0;
				TARGETED_DEVICE_FAMILY = "1,2";
				TEST_HOST = "$(BUILT_PRODUCTS_DIR)/FindYourLoveScore.app/$(BUNDLE_EXECUTABLE_FOLDER_PATH)/FindYourLoveScore";
			};
			name = Release;
		};
		B11DFBD32C7728E6003B9BDC /* Debug */ = {
			isa = XCBuildConfiguration;
			buildSettings = {
				ALWAYS_EMBED_SWIFT_STANDARD_LIBRARIES = YES;
				CODE_SIGN_STYLE = Automatic;
				CURRENT_PROJECT_VERSION = 1;
				DEVELOPMENT_TEAM = XB8V8GBU8W;
				GENERATE_INFOPLIST_FILE = YES;
				MARKETING_VERSION = 1.0;
				PRODUCT_BUNDLE_IDENTIFIER = darsh.FindYourLoveScoreUITests;
				PRODUCT_NAME = "$(TARGET_NAME)";
				SWIFT_EMIT_LOC_STRINGS = NO;
				SWIFT_VERSION = 5.0;
				TARGETED_DEVICE_FAMILY = "1,2";
				TEST_TARGET_NAME = FindYourLoveScore;
			};
			name = Debug;
		};
		B11DFBD42C7728E6003B9BDC /* Release */ = {
			isa = XCBuildConfiguration;
			buildSettings = {
				ALWAYS_EMBED_SWIFT_STANDARD_LIBRARIES = YES;
				CODE_SIGN_STYLE = Automatic;
				CURRENT_PROJECT_VERSION = 1;
				DEVELOPMENT_TEAM = XB8V8GBU8W;
				GENERATE_INFOPLIST_FILE = YES;
				MARKETING_VERSION = 1.0;
				PRODUCT_BUNDLE_IDENTIFIER = darsh.FindYourLoveScoreUITests;
				PRODUCT_NAME = "$(TARGET_NAME)";
				SWIFT_EMIT_LOC_STRINGS = NO;
				SWIFT_VERSION = 5.0;
				TARGETED_DEVICE_FAMILY = "1,2";
				TEST_TARGET_NAME = FindYourLoveScore;
			};
			name = Release;
		};
/* End XCBuildConfiguration section */

/* Begin XCConfigurationList section */
		B11DFB9D2C7728E4003B9BDC /* Build configuration list for PBXProject "FindYourLoveScore" */ = {
			isa = XCConfigurationList;
			buildConfigurations = (
				B11DFBCA2C7728E6003B9BDC /* Debug */,
				B11DFBCB2C7728E6003B9BDC /* Release */,
			);
			defaultConfigurationIsVisible = 0;
			defaultConfigurationName = Release;
		};
		B11DFBCC2C7728E6003B9BDC /* Build configuration list for PBXNativeTarget "FindYourLoveScore" */ = {
			isa = XCConfigurationList;
			buildConfigurations = (
				B11DFBCD2C7728E6003B9BDC /* Debug */,
				B11DFBCE2C7728E6003B9BDC /* Release */,
			);
			defaultConfigurationIsVisible = 0;
			defaultConfigurationName = Release;
		};
		B11DFBCF2C7728E6003B9BDC /* Build configuration list for PBXNativeTarget "FindYourLoveScoreTests" */ = {
			isa = XCConfigurationList;
			buildConfigurations = (
				B11DFBD02C7728E6003B9BDC /* Debug */,
				B11DFBD12C7728E6003B9BDC /* Release */,
			);
			defaultConfigurationIsVisible = 0;
			defaultConfigurationName = Release;
		};
		B11DFBD22C7728E6003B9BDC /* Build configuration list for PBXNativeTarget "FindYourLoveScoreUITests" */ = {
			isa = XCConfigurationList;
			buildConfigurations = (
				B11DFBD32C7728E6003B9BDC /* Debug */,
				B11DFBD42C7728E6003B9BDC /* Release */,
			);
			defaultConfigurationIsVisible = 0;
			defaultConfigurationName = Release;
		};
/* End XCConfigurationList section */
	};
	rootObject = B11DFB9A2C7728E4003B9BDC /* Project object */;
}
